
Microsoft Visual Studio Solution File, Format Version 12.00
# Visual Studio Version 16
VisualStudioVersion = 16.0.30523.141
MinimumVisualStudioVersion = 10.0.40219.1
Project("{FAE04EC0-301F-11D3-BF4B-00C04F79EFBC}") = "WSUniversalLib", "WSUniversalLib.csproj", "{C607BFFD-B886-4343-BF94-5D0B6D76FBB6}"
EndProject
Project("{FAE04EC0-301F-11D3-BF4B-00C04F79EFBC}") = "TestProject_WSUniverslLib_Kadan", "..\TestProject_WSUniverslLib_Kadan\TestProject_WSUniverslLib_Kadan.csproj", "{4E96B48F-3743-4DFB-8198-69D6A9E3794D}"
EndProject
Project("{FAE04EC0-301F-11D3-BF4B-00C04F79EFBC}") = "Kadan_UsingConsole", "..\Kadan_UsingConsole\Kadan_UsingConsole.csproj", "{8489588C-B29A-46F3-99FA-EF21D6708BBE}"
EndProject
Global
	GlobalSection(SolutionConfigurationPlatforms) = preSolution
		Debug|Any CPU = Debug|Any CPU
		Release|Any CPU = Release|Any CPU
	EndGlobalSection
	GlobalSection(ProjectConfigurationPlatforms) = postSolution
		{C607BFFD-B886-4343-BF94-5D0B6D76FBB6}.Debug|Any CPU.ActiveCfg = Debug|Any CPU
		{C607BFFD-B886-4343-BF94-5D0B6D76FBB6}.Debug|Any CPU.Build.0 = Debug|Any CPU
		{C607BFFD-B886-4343-BF94-5D0B6D76FBB6}.Release|Any CPU.ActiveCfg = Release|Any CPU
		{C607BFFD-B886-4343-BF94-5D0B6D76FBB6}.Release|Any CPU.Build.0 = Release|Any CPU
		{4E96B48F-3743-4DFB-8198-69D6A9E3794D}.Debug|Any CPU.ActiveCfg = Debug|Any CPU
		{4E96B48F-3743-4DFB-8198-69D6A9E3794D}.Debug|Any CPU.Build.0 = Debug|Any CPU
		{4E96B48F-3743-4DFB-8198-69D6A9E3794D}.Release|Any CPU.ActiveCfg = Release|Any CPU
		{4E96B48F-3743-4DFB-8198-69D6A9E3794D}.Release|Any CPU.Build.0 = Release|Any CPU
		{8489588C-B29A-46F3-99FA-EF21D6708BBE}.Debug|Any CPU.ActiveCfg = Debug|Any CPU
		{8489588C-B29A-46F3-99FA-EF21D6708BBE}.Debug|Any CPU.Build.0 = Debug|Any CPU
		{8489588C-B29A-46F3-99FA-EF21D6708BBE}.Release|Any CPU.ActiveCfg = Release|Any CPU
		{8489588C-B29A-46F3-99FA-EF21D6708BBE}.Release|Any CPU.Build.0 = Release|Any CPU
	EndGlobalSection
	GlobalSection(SolutionProperties) = preSolution
		HideSolutionNode = FALSE
	EndGlobalSection
	GlobalSection(ExtensibilityGlobals) = postSolution
		SolutionGuid = {29F5E45A-BCDA-4BE5-A5B5-696FB5AB6637}
	EndGlobalSection
EndGlobal
